// !$*UTF8*$!
{
	archiveVersion = 1;
	classes = {
	};
	objectVersion = 50;
	objects = {

/* Begin PBXBuildFile section */
		6D72F6A423311A0D005BABC2 /* AppName2.png in Resources */ = {isa = PBXBuildFile; fileRef = 6D72F6A323311A0C005BABC2 /* AppName2.png */; };
		6D72F6A9233121DC005BABC2 /* CityCell.swift in Sources */ = {isa = PBXBuildFile; fileRef = 6D72F6A8233121DC005BABC2 /* CityCell.swift */; };
		6D87470623317C460022F448 /* Malls.swift in Sources */ = {isa = PBXBuildFile; fileRef = 6D87470523317C460022F448 /* Malls.swift */; };
		6D874708233181230022F448 /* UIColor.swift in Sources */ = {isa = PBXBuildFile; fileRef = 6D874707233181230022F448 /* UIColor.swift */; };
		6D87470C23318CD60022F448 /* mall.png in Resources */ = {isa = PBXBuildFile; fileRef = 6D87470B23318CD60022F448 /* mall.png */; };
		6D87470E23320E8A0022F448 /* MallCell.swift in Sources */ = {isa = PBXBuildFile; fileRef = 6D87470D23320E8A0022F448 /* MallCell.swift */; };
		6D87471223321EF60022F448 /* shopping.png in Resources */ = {isa = PBXBuildFile; fileRef = 6D87471123321EF50022F448 /* shopping.png */; };
		6D87471423321F620022F448 /* Shops.swift in Sources */ = {isa = PBXBuildFile; fileRef = 6D87471323321F620022F448 /* Shops.swift */; };
		6D8747162332204C0022F448 /* ShopCell.swift in Sources */ = {isa = PBXBuildFile; fileRef = 6D8747152332204C0022F448 /* ShopCell.swift */; };
		6D96ADD02330283100F206E2 /* AppDelegate.swift in Sources */ = {isa = PBXBuildFile; fileRef = 6D96ADCF2330283100F206E2 /* AppDelegate.swift */; };
		6D96ADD22330283100F206E2 /* ViewController.swift in Sources */ = {isa = PBXBuildFile; fileRef = 6D96ADD12330283100F206E2 /* ViewController.swift */; };
		6D96ADD52330283100F206E2 /* Main.storyboard in Resources */ = {isa = PBXBuildFile; fileRef = 6D96ADD32330283100F206E2 /* Main.storyboard */; };
		6D96ADD82330283100F206E2 /* ShopFinderApp.xcdatamodeld in Sources */ = {isa = PBXBuildFile; fileRef = 6D96ADD62330283100F206E2 /* ShopFinderApp.xcdatamodeld */; };
		6D96ADDA2330283200F206E2 /* Assets.xcassets in Resources */ = {isa = PBXBuildFile; fileRef = 6D96ADD92330283200F206E2 /* Assets.xcassets */; };
		6D96ADDD2330283200F206E2 /* LaunchScreen.storyboard in Resources */ = {isa = PBXBuildFile; fileRef = 6D96ADDB2330283200F206E2 /* LaunchScreen.storyboard */; };
		6D96ADE82330283200F206E2 /* ShopFinderAppTests.swift in Sources */ = {isa = PBXBuildFile; fileRef = 6D96ADE72330283200F206E2 /* ShopFinderAppTests.swift */; };
		6D96ADF42330FCB800F206E2 /* Logo_1.png in Resources */ = {isa = PBXBuildFile; fileRef = 6D96ADF32330FCB800F206E2 /* Logo_1.png */; };
		6D96ADF62330FD3100F206E2 /* logo_entersekt.png in Resources */ = {isa = PBXBuildFile; fileRef = 6D96ADF52330FD3100F206E2 /* logo_entersekt.png */; };
		6D96ADF82331077900F206E2 /* AppName.png in Resources */ = {isa = PBXBuildFile; fileRef = 6D96ADF72331077900F206E2 /* AppName.png */; };
/* End PBXBuildFile section */

/* Begin PBXContainerItemProxy section */
		6D96ADE42330283200F206E2 /* PBXContainerItemProxy */ = {
			isa = PBXContainerItemProxy;
			containerPortal = 6D96ADC42330283100F206E2 /* Project object */;
			proxyType = 1;
			remoteGlobalIDString = 6D96ADCB2330283100F206E2;
			remoteInfo = ShopFinderApp;
		};
/* End PBXContainerItemProxy section */

/* Begin PBXFileReference section */
		6D12834F23324AC600A00896 /* ShopFramework.xcodeproj */ = {isa = PBXFileReference; lastKnownFileType = "wrapper.pb-project"; name = ShopFramework.xcodeproj; path = "../../../../../../../../../Users/KyleFernandez/Desktop/Latest Test App/ShopFramework/ShopFramework.xcodeproj"; sourceTree = SDKROOT; };
		6D72F6A323311A0C005BABC2 /* AppName2.png */ = {isa = PBXFileReference; lastKnownFileType = image.png; path = AppName2.png; sourceTree = "<group>"; };
		6D72F6A8233121DC005BABC2 /* CityCell.swift */ = {isa = PBXFileReference; lastKnownFileType = sourcecode.swift; path = CityCell.swift; sourceTree = "<group>"; };
		6D87470523317C460022F448 /* Malls.swift */ = {isa = PBXFileReference; lastKnownFileType = sourcecode.swift; path = Malls.swift; sourceTree = "<group>"; };
		6D874707233181230022F448 /* UIColor.swift */ = {isa = PBXFileReference; lastKnownFileType = sourcecode.swift; path = UIColor.swift; sourceTree = "<group>"; };
		6D87470B23318CD60022F448 /* mall.png */ = {isa = PBXFileReference; lastKnownFileType = image.png; path = mall.png; sourceTree = "<group>"; };
		6D87470D23320E8A0022F448 /* MallCell.swift */ = {isa = PBXFileReference; lastKnownFileType = sourcecode.swift; path = MallCell.swift; sourceTree = "<group>"; };
		6D87471123321EF50022F448 /* shopping.png */ = {isa = PBXFileReference; lastKnownFileType = image.png; path = shopping.png; sourceTree = "<group>"; };
		6D87471323321F620022F448 /* Shops.swift */ = {isa = PBXFileReference; lastKnownFileType = sourcecode.swift; path = Shops.swift; sourceTree = "<group>"; };
		6D8747152332204C0022F448 /* ShopCell.swift */ = {isa = PBXFileReference; lastKnownFileType = sourcecode.swift; path = ShopCell.swift; sourceTree = "<group>"; };
		6D96ADCC2330283100F206E2 /* ShopFinderApp.app */ = {isa = PBXFileReference; explicitFileType = wrapper.application; includeInIndex = 0; path = ShopFinderApp.app; sourceTree = BUILT_PRODUCTS_DIR; };
		6D96ADCF2330283100F206E2 /* AppDelegate.swift */ = {isa = PBXFileReference; lastKnownFileType = sourcecode.swift; path = AppDelegate.swift; sourceTree = "<group>"; };
		6D96ADD12330283100F206E2 /* ViewController.swift */ = {isa = PBXFileReference; lastKnownFileType = sourcecode.swift; path = ViewController.swift; sourceTree = "<group>"; };
		6D96ADD42330283100F206E2 /* Base */ = {isa = PBXFileReference; lastKnownFileType = file.storyboard; name = Base; path = Base.lproj/Main.storyboard; sourceTree = "<group>"; };
		6D96ADD72330283100F206E2 /* ShopFinderApp.xcdatamodel */ = {isa = PBXFileReference; lastKnownFileType = wrapper.xcdatamodel; path = ShopFinderApp.xcdatamodel; sourceTree = "<group>"; };
		6D96ADD92330283200F206E2 /* Assets.xcassets */ = {isa = PBXFileReference; lastKnownFileType = folder.assetcatalog; path = Assets.xcassets; sourceTree = "<group>"; };
		6D96ADDC2330283200F206E2 /* Base */ = {isa = PBXFileReference; lastKnownFileType = file.storyboard; name = Base; path = Base.lproj/LaunchScreen.storyboard; sourceTree = "<group>"; };
		6D96ADDE2330283200F206E2 /* Info.plist */ = {isa = PBXFileReference; lastKnownFileType = text.plist.xml; path = Info.plist; sourceTree = "<group>"; };
		6D96ADE32330283200F206E2 /* ShopFinderAppTests.xctest */ = {isa = PBXFileReference; explicitFileType = wrapper.cfbundle; includeInIndex = 0; path = ShopFinderAppTests.xctest; sourceTree = BUILT_PRODUCTS_DIR; };
		6D96ADE72330283200F206E2 /* ShopFinderAppTests.swift */ = {isa = PBXFileReference; lastKnownFileType = sourcecode.swift; path = ShopFinderAppTests.swift; sourceTree = "<group>"; };
		6D96ADE92330283200F206E2 /* Info.plist */ = {isa = PBXFileReference; lastKnownFileType = text.plist.xml; path = Info.plist; sourceTree = "<group>"; };
		6D96ADF32330FCB800F206E2 /* Logo_1.png */ = {isa = PBXFileReference; lastKnownFileType = image.png; path = Logo_1.png; sourceTree = "<group>"; };
		6D96ADF52330FD3100F206E2 /* logo_entersekt.png */ = {isa = PBXFileReference; lastKnownFileType = image.png; path = logo_entersekt.png; sourceTree = "<group>"; };
		6D96ADF72331077900F206E2 /* AppName.png */ = {isa = PBXFileReference; lastKnownFileType = image.png; path = AppName.png; sourceTree = "<group>"; };
/* End PBXFileReference section */

/* Begin PBXFrameworksBuildPhase section */
		6D96ADC92330283100F206E2 /* Frameworks */ = {
			isa = PBXFrameworksBuildPhase;
			buildActionMask = 2147483647;
			files = (
			);
			runOnlyForDeploymentPostprocessing = 0;
		};
		6D96ADE02330283200F206E2 /* Frameworks */ = {
			isa = PBXFrameworksBuildPhase;
			buildActionMask = 2147483647;
			files = (
			);
			runOnlyForDeploymentPostprocessing = 0;
		};
/* End PBXFrameworksBuildPhase section */

/* Begin PBXGroup section */
		6D12834E23324AC600A00896 /* Frameworks */ = {
			isa = PBXGroup;
			children = (
				6D12834F23324AC600A00896 /* ShopFramework.xcodeproj */,
			);
			name = Frameworks;
			sourceTree = "<group>";
		};
		6D72F6A5233120F6005BABC2 /* Collection & Table View Cells */ = {
			isa = PBXGroup;
			children = (
				6D72F6A8233121DC005BABC2 /* CityCell.swift */,
				6D87470D23320E8A0022F448 /* MallCell.swift */,
				6D8747152332204C0022F448 /* ShopCell.swift */,
			);
			path = "Collection & Table View Cells";
			sourceTree = "<group>";
		};
		6D72F6A72331214D005BABC2 /* Screens */ = {
			isa = PBXGroup;
			children = (
				6D96ADD12330283100F206E2 /* ViewController.swift */,
				6D87470523317C460022F448 /* Malls.swift */,
				6D87471323321F620022F448 /* Shops.swift */,
			);
			path = Screens;
			sourceTree = "<group>";
		};
		6D8746FC233146270022F448 /* Tools & Extensions */ = {
			isa = PBXGroup;
			children = (
				6D874707233181230022F448 /* UIColor.swift */,
			);
			path = "Tools & Extensions";
			sourceTree = "<group>";
		};
		6D96ADC32330283100F206E2 = {
			isa = PBXGroup;
			children = (
				6D96ADCE2330283100F206E2 /* ShopFinderApp */,
				6D96ADE62330283200F206E2 /* ShopFinderAppTests */,
				6D96ADCD2330283100F206E2 /* Products */,
				6D12834E23324AC600A00896 /* Frameworks */,
			);
			sourceTree = "<group>";
		};
		6D96ADCD2330283100F206E2 /* Products */ = {
			isa = PBXGroup;
			children = (
				6D96ADCC2330283100F206E2 /* ShopFinderApp.app */,
				6D96ADE32330283200F206E2 /* ShopFinderAppTests.xctest */,
			);
			name = Products;
			sourceTree = "<group>";
		};
		6D96ADCE2330283100F206E2 /* ShopFinderApp */ = {
			isa = PBXGroup;
			children = (
				6D8746FC233146270022F448 /* Tools & Extensions */,
				6D72F6A72331214D005BABC2 /* Screens */,
				6D72F6A5233120F6005BABC2 /* Collection & Table View Cells */,
				6D96ADF22330FC9F00F206E2 /* Images */,
				6D96ADCF2330283100F206E2 /* AppDelegate.swift */,
				6D96ADD32330283100F206E2 /* Main.storyboard */,
				6D96ADD92330283200F206E2 /* Assets.xcassets */,
				6D96ADDB2330283200F206E2 /* LaunchScreen.storyboard */,
				6D96ADDE2330283200F206E2 /* Info.plist */,
				6D96ADD62330283100F206E2 /* ShopFinderApp.xcdatamodeld */,
			);
			path = ShopFinderApp;
			sourceTree = "<group>";
		};
		6D96ADE62330283200F206E2 /* ShopFinderAppTests */ = {
			isa = PBXGroup;
			children = (
				6D96ADE72330283200F206E2 /* ShopFinderAppTests.swift */,
				6D96ADE92330283200F206E2 /* Info.plist */,
			);
			path = ShopFinderAppTests;
			sourceTree = "<group>";
		};
		6D96ADF22330FC9F00F206E2 /* Images */ = {
			isa = PBXGroup;
			children = (
				6D87471123321EF50022F448 /* shopping.png */,
				6D87470B23318CD60022F448 /* mall.png */,
				6D96ADF32330FCB800F206E2 /* Logo_1.png */,
				6D96ADF72331077900F206E2 /* AppName.png */,
				6D72F6A323311A0C005BABC2 /* AppName2.png */,
				6D96ADF52330FD3100F206E2 /* logo_entersekt.png */,
			);
			path = Images;
			sourceTree = "<group>";
		};
/* End PBXGroup section */

/* Begin PBXNativeTarget section */
		6D96ADCB2330283100F206E2 /* ShopFinderApp */ = {
			isa = PBXNativeTarget;
			buildConfigurationList = 6D96ADEC2330283200F206E2 /* Build configuration list for PBXNativeTarget "ShopFinderApp" */;
			buildPhases = (
				6D96ADC82330283100F206E2 /* Sources */,
				6D96ADC92330283100F206E2 /* Frameworks */,
				6D96ADCA2330283100F206E2 /* Resources */,
			);
			buildRules = (
			);
			dependencies = (
			);
			name = ShopFinderApp;
			productName = ShopFinderApp;
			productReference = 6D96ADCC2330283100F206E2 /* ShopFinderApp.app */;
			productType = "com.apple.product-type.application";
		};
		6D96ADE22330283200F206E2 /* ShopFinderAppTests */ = {
			isa = PBXNativeTarget;
			buildConfigurationList = 6D96ADEF2330283200F206E2 /* Build configuration list for PBXNativeTarget "ShopFinderAppTests" */;
			buildPhases = (
				6D96ADDF2330283200F206E2 /* Sources */,
				6D96ADE02330283200F206E2 /* Frameworks */,
				6D96ADE12330283200F206E2 /* Resources */,
			);
			buildRules = (
			);
			dependencies = (
				6D96ADE52330283200F206E2 /* PBXTargetDependency */,
			);
			name = ShopFinderAppTests;
			productName = ShopFinderAppTests;
			productReference = 6D96ADE32330283200F206E2 /* ShopFinderAppTests.xctest */;
			productType = "com.apple.product-type.bundle.unit-test";
		};
/* End PBXNativeTarget section */

/* Begin PBXProject section */
		6D96ADC42330283100F206E2 /* Project object */ = {
			isa = PBXProject;
			attributes = {
				LastSwiftUpdateCheck = 1030;
				LastUpgradeCheck = 1030;
				ORGANIZATIONNAME = Kyle;
				TargetAttributes = {
					6D96ADCB2330283100F206E2 = {
						CreatedOnToolsVersion = 10.3;
					};
					6D96ADE22330283200F206E2 = {
						CreatedOnToolsVersion = 10.3;
						TestTargetID = 6D96ADCB2330283100F206E2;
					};
				};
			};
			buildConfigurationList = 6D96ADC72330283100F206E2 /* Build configuration list for PBXProject "ShopFinderApp" */;
			compatibilityVersion = "Xcode 9.3";
			developmentRegion = en;
			hasScannedForEncodings = 0;
			knownRegions = (
				en,
				Base,
			);
			mainGroup = 6D96ADC32330283100F206E2;
			productRefGroup = 6D96ADCD2330283100F206E2 /* Products */;
			projectDirPath = "";
			projectRoot = "";
			targets = (
				6D96ADCB2330283100F206E2 /* ShopFinderApp */,
				6D96ADE22330283200F206E2 /* ShopFinderAppTests */,
			);
		};
/* End PBXProject section */

/* Begin PBXResourcesBuildPhase section */
		6D96ADCA2330283100F206E2 /* Resources */ = {
			isa = PBXResourcesBuildPhase;
			buildActionMask = 2147483647;
			files = (
				6D96ADF62330FD3100F206E2 /* logo_entersekt.png in Resources */,
				6D87470C23318CD60022F448 /* mall.png in Resources */,
				6D96ADDD2330283200F206E2 /* LaunchScreen.storyboard in Resources */,
				6D72F6A423311A0D005BABC2 /* AppName2.png in Resources */,
				6D96ADDA2330283200F206E2 /* Assets.xcassets in Resources */,
				6D87471223321EF60022F448 /* shopping.png in Resources */,
				6D96ADF42330FCB800F206E2 /* Logo_1.png in Resources */,
				6D96ADF82331077900F206E2 /* AppName.png in Resources */,
				6D96ADD52330283100F206E2 /* Main.storyboard in Resources */,
			);
			runOnlyForDeploymentPostprocessing = 0;
		};
		6D96ADE12330283200F206E2 /* Resources */ = {
			isa = PBXResourcesBuildPhase;
			buildActionMask = 2147483647;
			files = (
			);
			runOnlyForDeploymentPostprocessing = 0;
		};
/* End PBXResourcesBuildPhase section */

/* Begin PBXSourcesBuildPhase section */
		6D96ADC82330283100F206E2 /* Sources */ = {
			isa = PBXSourcesBuildPhase;
			buildActionMask = 2147483647;
			files = (
				6D87470623317C460022F448 /* Malls.swift in Sources */,
				6D87471423321F620022F448 /* Shops.swift in Sources */,
				6D87470E23320E8A0022F448 /* MallCell.swift in Sources */,
				6D96ADD22330283100F206E2 /* ViewController.swift in Sources */,
				6D96ADD02330283100F206E2 /* AppDelegate.swift in Sources */,
				6D8747162332204C0022F448 /* ShopCell.swift in Sources */,
				6D874708233181230022F448 /* UIColor.swift in Sources */,
				6D72F6A9233121DC005BABC2 /* CityCell.swift in Sources */,
				6D96ADD82330283100F206E2 /* ShopFinderApp.xcdatamodeld in Sources */,
			);
			runOnlyForDeploymentPostprocessing = 0;
		};
		6D96ADDF2330283200F206E2 /* Sources */ = {
			isa = PBXSourcesBuildPhase;
			buildActionMask = 2147483647;
			files = (
				6D96ADE82330283200F206E2 /* ShopFinderAppTests.swift in Sources */,
			);
			runOnlyForDeploymentPostprocessing = 0;
		};
/* End PBXSourcesBuildPhase section */

/* Begin PBXTargetDependency section */
		6D96ADE52330283200F206E2 /* PBXTargetDependency */ = {
			isa = PBXTargetDependency;
			target = 6D96ADCB2330283100F206E2 /* ShopFinderApp */;
			targetProxy = 6D96ADE42330283200F206E2 /* PBXContainerItemProxy */;
		};
/* End PBXTargetDependency section */

/* Begin PBXVariantGroup section */
		6D96ADD32330283100F206E2 /* Main.storyboard */ = {
			isa = PBXVariantGroup;
			children = (
				6D96ADD42330283100F206E2 /* Base */,
			);
			name = Main.storyboard;
			sourceTree = "<group>";
		};
		6D96ADDB2330283200F206E2 /* LaunchScreen.storyboard */ = {
			isa = PBXVariantGroup;
			children = (
				6D96ADDC2330283200F206E2 /* Base */,
			);
			name = LaunchScreen.storyboard;
			sourceTree = "<group>";
		};
/* End PBXVariantGroup section */

/* Begin XCBuildConfiguration section */
		6D96ADEA2330283200F206E2 /* Debug */ = {
			isa = XCBuildConfiguration;
			buildSettings = {
				ALWAYS_SEARCH_USER_PATHS = NO;
				CLANG_ANALYZER_NONNULL = YES;
				CLANG_ANALYZER_NUMBER_OBJECT_CONVERSION = YES_AGGRESSIVE;
				CLANG_CXX_LANGUAGE_STANDARD = "gnu++14";
				CLANG_CXX_LIBRARY = "libc++";
				CLANG_ENABLE_MODULES = YES;
				CLANG_ENABLE_OBJC_ARC = YES;
				CLANG_ENABLE_OBJC_WEAK = YES;
				CLANG_WARN_BLOCK_CAPTURE_AUTORELEASING = YES;
				CLANG_WARN_BOOL_CONVERSION = YES;
				CLANG_WARN_COMMA = YES;
				CLANG_WARN_CONSTANT_CONVERSION = YES;
				CLANG_WARN_DEPRECATED_OBJC_IMPLEMENTATIONS = YES;
				CLANG_WARN_DIRECT_OBJC_ISA_USAGE = YES_ERROR;
				CLANG_WARN_DOCUMENTATION_COMMENTS = YES;
				CLANG_WARN_EMPTY_BODY = YES;
				CLANG_WARN_ENUM_CONVERSION = YES;
				CLANG_WARN_INFINITE_RECURSION = YES;
				CLANG_WARN_INT_CONVERSION = YES;
				CLANG_WARN_NON_LITERAL_NULL_CONVERSION = YES;
				CLANG_WARN_OBJC_IMPLICIT_RETAIN_SELF = YES;
				CLANG_WARN_OBJC_LITERAL_CONVERSION = YES;
				CLANG_WARN_OBJC_ROOT_CLASS = YES_ERROR;
				CLANG_WARN_RANGE_LOOP_ANALYSIS = YES;
				CLANG_WARN_STRICT_PROTOTYPES = YES;
				CLANG_WARN_SUSPICIOUS_MOVE = YES;
				CLANG_WARN_UNGUARDED_AVAILABILITY = YES_AGGRESSIVE;
				CLANG_WARN_UNREACHABLE_CODE = YES;
				CLANG_WARN__DUPLICATE_METHOD_MATCH = YES;
				CODE_SIGN_IDENTITY = "iPhone Developer";
				COPY_PHASE_STRIP = NO;
				DEBUG_INFORMATION_FORMAT = dwarf;
				ENABLE_STRICT_OBJC_MSGSEND = YES;
				ENABLE_TESTABILITY = YES;
				GCC_C_LANGUAGE_STANDARD = gnu11;
				GCC_DYNAMIC_NO_PIC = NO;
				GCC_NO_COMMON_BLOCKS = YES;
				GCC_OPTIMIZATION_LEVEL = 0;
				GCC_PREPROCESSOR_DEFINITIONS = (
					"DEBUG=1",
					"$(inherited)",
				);
				GCC_WARN_64_TO_32_BIT_CONVERSION = YES;
				GCC_WARN_ABOUT_RETURN_TYPE = YES_ERROR;
				GCC_WARN_UNDECLARED_SELECTOR = YES;
				GCC_WARN_UNINITIALIZED_AUTOS = YES_AGGRESSIVE;
				GCC_WARN_UNUSED_FUNCTION = YES;
				GCC_WARN_UNUSED_VARIABLE = YES;
				IPHONEOS_DEPLOYMENT_TARGET = 12.4;
				MTL_ENABLE_DEBUG_INFO = INCLUDE_SOURCE;
				MTL_FAST_MATH = YES;
				ONLY_ACTIVE_ARCH = YES;
				SDKROOT = iphoneos;
				SWIFT_ACTIVE_COMPILATION_CONDITIONS = DEBUG;
				SWIFT_OPTIMIZATION_LEVEL = "-Onone";
			};
			name = Debug;
		};
		6D96ADEB2330283200F206E2 /* Release */ = {
			isa = XCBuildConfiguration;
			buildSettings = {
				ALWAYS_SEARCH_USER_PATHS = NO;
				CLANG_ANALYZER_NONNULL = YES;
				CLANG_ANALYZER_NUMBER_OBJECT_CONVERSION = YES_AGGRESSIVE;
				CLANG_CXX_LANGUAGE_STANDARD = "gnu++14";
				CLANG_CXX_LIBRARY = "libc++";
				CLANG_ENABLE_MODULES = YES;
				CLANG_ENABLE_OBJC_ARC = YES;
				CLANG_ENABLE_OBJC_WEAK = YES;
				CLANG_WARN_BLOCK_CAPTURE_AUTORELEASING = YES;
				CLANG_WARN_BOOL_CONVERSION = YES;
				CLANG_WARN_COMMA = YES;
				CLANG_WARN_CONSTANT_CONVERSION = YES;
				CLANG_WARN_DEPRECATED_OBJC_IMPLEMENTATIONS = YES;
				CLANG_WARN_DIRECT_OBJC_ISA_USAGE = YES_ERROR;
				CLANG_WARN_DOCUMENTATION_COMMENTS = YES;
				CLANG_WARN_EMPTY_BODY = YES;
				CLANG_WARN_ENUM_CONVERSION = YES;
				CLANG_WARN_INFINITE_RECURSION = YES;
				CLANG_WARN_INT_CONVERSION = YES;
				CLANG_WARN_NON_LITERAL_NULL_CONVERSION = YES;
				CLANG_WARN_OBJC_IMPLICIT_RETAIN_SELF = YES;
				CLANG_WARN_OBJC_LITERAL_CONVERSION = YES;
				CLANG_WARN_OBJC_ROOT_CLASS = YES_ERROR;
				CLANG_WARN_RANGE_LOOP_ANALYSIS = YES;
				CLANG_WARN_STRICT_PROTOTYPES = YES;
				CLANG_WARN_SUSPICIOUS_MOVE = YES;
				CLANG_WARN_UNGUARDED_AVAILABILITY = YES_AGGRESSIVE;
				CLANG_WARN_UNREACHABLE_CODE = YES;
				CLANG_WARN__DUPLICATE_METHOD_MATCH = YES;
				CODE_SIGN_IDENTITY = "iPhone Developer";
				COPY_PHASE_STRIP = NO;
				DEBUG_INFORMATION_FORMAT = "dwarf-with-dsym";
				ENABLE_NS_ASSERTIONS = NO;
				ENABLE_STRICT_OBJC_MSGSEND = YES;
				GCC_C_LANGUAGE_STANDARD = gnu11;
				GCC_NO_COMMON_BLOCKS = YES;
				GCC_WARN_64_TO_32_BIT_CONVERSION = YES;
				GCC_WARN_ABOUT_RETURN_TYPE = YES_ERROR;
				GCC_WARN_UNDECLARED_SELECTOR = YES;
				GCC_WARN_UNINITIALIZED_AUTOS = YES_AGGRESSIVE;
				GCC_WARN_UNUSED_FUNCTION = YES;
				GCC_WARN_UNUSED_VARIABLE = YES;
				IPHONEOS_DEPLOYMENT_TARGET = 12.4;
				MTL_ENABLE_DEBUG_INFO = NO;
				MTL_FAST_MATH = YES;
				SDKROOT = iphoneos;
				SWIFT_COMPILATION_MODE = wholemodule;
				SWIFT_OPTIMIZATION_LEVEL = "-O";
				VALIDATE_PRODUCT = YES;
			};
			name = Release;
		};
		6D96ADED2330283200F206E2 /* Debug */ = {
			isa = XCBuildConfiguration;
			buildSettings = {
				ASSETCATALOG_COMPILER_APPICON_NAME = AppIcon;
				CODE_SIGN_STYLE = Automatic;
				DEVELOPMENT_TEAM = RC85Z5UT49;
				INFOPLIST_FILE = ShopFinderApp/Info.plist;
				LD_RUNPATH_SEARCH_PATHS = (
					"$(inherited)",
					"@executable_path/Frameworks",
				);
				PRODUCT_BUNDLE_IDENTIFIER = co.za.Kyle.ShopFinderApp;
				PRODUCT_NAME = "$(TARGET_NAME)";
				SWIFT_VERSION = 5.0;
				TARGETED_DEVICE_FAMILY = "1,2";
			};
			name = Debug;
		};
		6D96ADEE2330283200F206E2 /* Release */ = {
			isa = XCBuildConfiguration;
			buildSettings = {
				ASSETCATALOG_COMPILER_APPICON_NAME = AppIcon;
				CODE_SIGN_STYLE = Automatic;
				DEVELOPMENT_TEAM = RC85Z5UT49;
				INFOPLIST_FILE = ShopFinderApp/Info.plist;
				LD_RUNPATH_SEARCH_PATHS = (
					"$(inherited)",
					"@executable_path/Frameworks",
				);
				PRODUCT_BUNDLE_IDENTIFIER = co.za.Kyle.ShopFinderApp;
				PRODUCT_NAME = "$(TARGET_NAME)";
				SWIFT_VERSION = 5.0;
				TARGETED_DEVICE_FAMILY = "1,2";
			};
			name = Release;
		};
		6D96ADF02330283200F206E2 /* Debug */ = {
			isa = XCBuildConfiguration;
			buildSettings = {
				ALWAYS_EMBED_SWIFT_STANDARD_LIBRARIES = YES;
				BUNDLE_LOADER = "$(TEST_HOST)";
				CODE_SIGN_STYLE = Automatic;
				DEVELOPMENT_TEAM = RC85Z5UT49;
				INFOPLIST_FILE = ShopFinderAppTests/Info.plist;
				LD_RUNPATH_SEARCH_PATHS = (
					"$(inherited)",
					"@executable_path/Frameworks",
					"@loader_path/Frameworks",
				);
				PRODUCT_BUNDLE_IDENTIFIER = co.za.Kyle.ShopFinderAppTests;
				PRODUCT_NAME = "$(TARGET_NAME)";
				SWIFT_VERSION = 5.0;
				TARGETED_DEVICE_FAMILY = "1,2";
				TEST_HOST = "$(BUILT_PRODUCTS_DIR)/ShopFinderApp.app/ShopFinderApp";
			};
			name = Debug;
		};
		6D96ADF12330283200F206E2 /* Release */ = {
			isa = XCBuildConfiguration;
			buildSettings = {
				ALWAYS_EMBED_SWIFT_STANDARD_LIBRARIES = YES;
				BUNDLE_LOADER = "$(TEST_HOST)";
				CODE_SIGN_STYLE = Automatic;
				DEVELOPMENT_TEAM = RC85Z5UT49;
				INFOPLIST_FILE = ShopFinderAppTests/Info.plist;
				LD_RUNPATH_SEARCH_PATHS = (
					"$(inherited)",
					"@executable_path/Frameworks",
					"@loader_path/Frameworks",
				);
				PRODUCT_BUNDLE_IDENTIFIER = co.za.Kyle.ShopFinderAppTests;
				PRODUCT_NAME = "$(TARGET_NAME)";
				SWIFT_VERSION = 5.0;
				TARGETED_DEVICE_FAMILY = "1,2";
				TEST_HOST = "$(BUILT_PRODUCTS_DIR)/ShopFinderApp.app/ShopFinderApp";
			};
			name = Release;
		};
/* End XCBuildConfiguration section */

/* Begin XCConfigurationList section */
		6D96ADC72330283100F206E2 /* Build configuration list for PBXProject "ShopFinderApp" */ = {
			isa = XCConfigurationList;
			buildConfigurations = (
				6D96ADEA2330283200F206E2 /* Debug */,
				6D96ADEB2330283200F206E2 /* Release */,
			);
			defaultConfigurationIsVisible = 0;
			defaultConfigurationName = Release;
		};
		6D96ADEC2330283200F206E2 /* Build configuration list for PBXNativeTarget "ShopFinderApp" */ = {
			isa = XCConfigurationList;
			buildConfigurations = (
				6D96ADED2330283200F206E2 /* Debug */,
				6D96ADEE2330283200F206E2 /* Release */,
			);
			defaultConfigurationIsVisible = 0;
			defaultConfigurationName = Release;
		};
		6D96ADEF2330283200F206E2 /* Build configuration list for PBXNativeTarget "ShopFinderAppTests" */ = {
			isa = XCConfigurationList;
			buildConfigurations = (
				6D96ADF02330283200F206E2 /* Debug */,
				6D96ADF12330283200F206E2 /* Release */,
			);
			defaultConfigurationIsVisible = 0;
			defaultConfigurationName = Release;
		};
/* End XCConfigurationList section */

/* Begin XCVersionGroup section */
		6D96ADD62330283100F206E2 /* ShopFinderApp.xcdatamodeld */ = {
			isa = XCVersionGroup;
			children = (
				6D96ADD72330283100F206E2 /* ShopFinderApp.xcdatamodel */,
			);
			currentVersion = 6D96ADD72330283100F206E2 /* ShopFinderApp.xcdatamodel */;
			path = ShopFinderApp.xcdatamodeld;
			sourceTree = "<group>";
			versionGroupType = wrapper.xcdatamodel;
		};
/* End XCVersionGroup section */
	};
	rootObject = 6D96ADC42330283100F206E2 /* Project object */;
}
